
Microsoft Visual Studio Solution File, Format Version 12.00
# Visual Studio Version 16
VisualStudioVersion = 16.0.31313.79
MinimumVisualStudioVersion = 10.0.40219.1
Project("{FAE04EC0-301F-11D3-BF4B-00C04F79EFBC}") = "Lambda Expressions Buoyant Force", "Lambda Expressions Buoyant Force\Lambda Expressions Buoyant Force.csproj", "{80C06BE2-F085-46D1-A685-358717FA2471}"
EndProject
Global
	GlobalSection(SolutionConfigurationPlatforms) = preSolution
		Debug|Any CPU = Debug|Any CPU
		Release|Any CPU = Release|Any CPU
	EndGlobalSection
	GlobalSection(ProjectConfigurationPlatforms) = postSolution
		{80C06BE2-F085-46D1-A685-358717FA2471}.Debug|Any CPU.ActiveCfg = Debug|Any CPU
		{80C06BE2-F085-46D1-A685-358717FA2471}.Debug|Any CPU.Build.0 = Debug|Any CPU
		{80C06BE2-F085-46D1-A685-358717FA2471}.Release|Any CPU.ActiveCfg = Release|Any CPU
		{80C06BE2-F085-46D1-A685-358717FA2471}.Release|Any CPU.Build.0 = Release|Any CPU
	EndGlobalSection
	GlobalSection(SolutionProperties) = preSolution
		HideSolutionNode = FALSE
	EndGlobalSection
	GlobalSection(ExtensibilityGlobals) = postSolution
		SolutionGuid = {2BEAAB7B-0D11-4480-8A83-D621EF36AA27}
	EndGlobalSection
EndGlobal
